
Microsoft Visual Studio Solution File, Format Version 12.00
# Visual Studio 2012
Project("{FAE04EC0-301F-11D3-BF4B-00C04F79EFBC}") = "RozkladZNU", "RozkladZNU\RozkladZNU.csproj", "{8268DBC8-FFBB-4544-8BFC-51F2E0F2152C}"
EndProject
Global
	GlobalSection(SolutionConfigurationPlatforms) = preSolution
		Debug|Any CPU = Debug|Any CPU
		Release|Any CPU = Release|Any CPU
	EndGlobalSection
	GlobalSection(ProjectConfigurationPlatforms) = postSolution
		{8268DBC8-FFBB-4544-8BFC-51F2E0F2152C}.Debug|Any CPU.ActiveCfg = Debug|Any CPU
		{8268DBC8-FFBB-4544-8BFC-51F2E0F2152C}.Debug|Any CPU.Build.0 = Debug|Any CPU
		{8268DBC8-FFBB-4544-8BFC-51F2E0F2152C}.Release|Any CPU.ActiveCfg = Release|Any CPU
		{8268DBC8-FFBB-4544-8BFC-51F2E0F2152C}.Release|Any CPU.Build.0 = Release|Any CPU
	EndGlobalSection
	GlobalSection(SolutionProperties) = preSolution
		HideSolutionNode = FALSE
	EndGlobalSection
EndGlobal
